
Microsoft Visual Studio Solution File, Format Version 12.00
# Visual Studio Version 17
VisualStudioVersion = 17.5.002.0
MinimumVisualStudioVersion = 10.0.40219.1
Project("{9A19103F-16F7-4668-BE54-9A1E7A4F7556}") = "backend", "backend\backend.csproj", "{314C7559-209E-407C-AD0A-43E3B48C608D}"
EndProject
Global
	GlobalSection(SolutionConfigurationPlatforms) = preSolution
		Debug|Any CPU = Debug|Any CPU
		Release|Any CPU = Release|Any CPU
	EndGlobalSection
	GlobalSection(ProjectConfigurationPlatforms) = postSolution
		{314C7559-209E-407C-AD0A-43E3B48C608D}.Debug|Any CPU.ActiveCfg = Debug|Any CPU
		{314C7559-209E-407C-AD0A-43E3B48C608D}.Debug|Any CPU.Build.0 = Debug|Any CPU
		{314C7559-209E-407C-AD0A-43E3B48C608D}.Release|Any CPU.ActiveCfg = Release|Any CPU
		{314C7559-209E-407C-AD0A-43E3B48C608D}.Release|Any CPU.Build.0 = Release|Any CPU
	EndGlobalSection
	GlobalSection(SolutionProperties) = preSolution
		HideSolutionNode = FALSE
	EndGlobalSection
	GlobalSection(ExtensibilityGlobals) = postSolution
		SolutionGuid = {56A6508B-A983-4FD4-8A4B-BE39BDF530D2}
	EndGlobalSection
EndGlobal
